
Microsoft Visual Studio Solution File, Format Version 12.00
# Visual Studio 15
VisualStudioVersion = 15.0.28307.168
MinimumVisualStudioVersion = 10.0.40219.1
Project("{FAE04EC0-301F-11D3-BF4B-00C04F79EFBC}") = "Lands.Android", "Lands\Lands.Android\Lands.Android.csproj", "{943D2549-C867-4DF4-B4DC-7070C815823B}"
EndProject
Project("{FAE04EC0-301F-11D3-BF4B-00C04F79EFBC}") = "Lands.iOS", "Lands\Lands.iOS\Lands.iOS.csproj", "{F965BAAC-5FA2-40CC-ACD9-E6B3B7CB9C4B}"
EndProject
Project("{FAE04EC0-301F-11D3-BF4B-00C04F79EFBC}") = "Lands", "Lands\Lands\Lands.csproj", "{396ACCBA-A5AD-44A9-BC17-A46355FED312}"
EndProject
Global
	GlobalSection(SolutionConfigurationPlatforms) = preSolution
		Ad-Hoc|Any CPU = Ad-Hoc|Any CPU
		Ad-Hoc|iPhone = Ad-Hoc|iPhone
		Ad-Hoc|iPhoneSimulator = Ad-Hoc|iPhoneSimulator
		AppStore|Any CPU = AppStore|Any CPU
		AppStore|iPhone = AppStore|iPhone
		AppStore|iPhoneSimulator = AppStore|iPhoneSimulator
		Debug|Any CPU = Debug|Any CPU
		Debug|iPhone = Debug|iPhone
		Debug|iPhoneSimulator = Debug|iPhoneSimulator
		Release|Any CPU = Release|Any CPU
		Release|iPhone = Release|iPhone
		Release|iPhoneSimulator = Release|iPhoneSimulator
	EndGlobalSection
	GlobalSection(ProjectConfigurationPlatforms) = postSolution
		{943D2549-C867-4DF4-B4DC-7070C815823B}.Ad-Hoc|Any CPU.ActiveCfg = Release|Any CPU
		{943D2549-C867-4DF4-B4DC-7070C815823B}.Ad-Hoc|Any CPU.Build.0 = Release|Any CPU
		{943D2549-C867-4DF4-B4DC-7070C815823B}.Ad-Hoc|Any CPU.Deploy.0 = Release|Any CPU
		{943D2549-C867-4DF4-B4DC-7070C815823B}.Ad-Hoc|iPhone.ActiveCfg = Release|Any CPU
		{943D2549-C867-4DF4-B4DC-7070C815823B}.Ad-Hoc|iPhone.Build.0 = Release|Any CPU
		{943D2549-C867-4DF4-B4DC-7070C815823B}.Ad-Hoc|iPhone.Deploy.0 = Release|Any CPU
		{943D2549-C867-4DF4-B4DC-7070C815823B}.Ad-Hoc|iPhoneSimulator.ActiveCfg = Release|Any CPU
		{943D2549-C867-4DF4-B4DC-7070C815823B}.Ad-Hoc|iPhoneSimulator.Build.0 = Release|Any CPU
		{943D2549-C867-4DF4-B4DC-7070C815823B}.Ad-Hoc|iPhoneSimulator.Deploy.0 = Release|Any CPU
		{943D2549-C867-4DF4-B4DC-7070C815823B}.AppStore|Any CPU.ActiveCfg = Release|Any CPU
		{943D2549-C867-4DF4-B4DC-7070C815823B}.AppStore|Any CPU.Build.0 = Release|Any CPU
		{943D2549-C867-4DF4-B4DC-7070C815823B}.AppStore|Any CPU.Deploy.0 = Release|Any CPU
		{943D2549-C867-4DF4-B4DC-7070C815823B}.AppStore|iPhone.ActiveCfg = Release|Any CPU
		{943D2549-C867-4DF4-B4DC-7070C815823B}.AppStore|iPhone.Build.0 = Release|Any CPU
		{943D2549-C867-4DF4-B4DC-7070C815823B}.AppStore|iPhone.Deploy.0 = Release|Any CPU
		{943D2549-C867-4DF4-B4DC-7070C815823B}.AppStore|iPhoneSimulator.ActiveCfg = Release|Any CPU
		{943D2549-C867-4DF4-B4DC-7070C815823B}.AppStore|iPhoneSimulator.Build.0 = Release|Any CPU
		{943D2549-C867-4DF4-B4DC-7070C815823B}.AppStore|iPhoneSimulator.Deploy.0 = Release|Any CPU
		{943D2549-C867-4DF4-B4DC-7070C815823B}.Debug|Any CPU.ActiveCfg = Debug|Any CPU
		{943D2549-C867-4DF4-B4DC-7070C815823B}.Debug|Any CPU.Build.0 = Debug|Any CPU
		{943D2549-C867-4DF4-B4DC-7070C815823B}.Debug|Any CPU.Deploy.0 = Debug|Any CPU
		{943D2549-C867-4DF4-B4DC-7070C815823B}.Debug|iPhone.ActiveCfg = Debug|Any CPU
		{943D2549-C867-4DF4-B4DC-7070C815823B}.Debug|iPhone.Build.0 = Debug|Any CPU
		{943D2549-C867-4DF4-B4DC-7070C815823B}.Debug|iPhone.Deploy.0 = Debug|Any CPU
		{943D2549-C867-4DF4-B4DC-7070C815823B}.Debug|iPhoneSimulator.ActiveCfg = Debug|Any CPU
		{943D2549-C867-4DF4-B4DC-7070C815823B}.Debug|iPhoneSimulator.Build.0 = Debug|Any CPU
		{943D2549-C867-4DF4-B4DC-7070C815823B}.Debug|iPhoneSimulator.Deploy.0 = Debug|Any CPU
		{943D2549-C867-4DF4-B4DC-7070C815823B}.Release|Any CPU.ActiveCfg = Release|Any CPU
		{943D2549-C867-4DF4-B4DC-7070C815823B}.Release|Any CPU.Build.0 = Release|Any CPU
		{943D2549-C867-4DF4-B4DC-7070C815823B}.Release|Any CPU.Deploy.0 = Release|Any CPU
		{943D2549-C867-4DF4-B4DC-7070C815823B}.Release|iPhone.ActiveCfg = Release|Any CPU
		{943D2549-C867-4DF4-B4DC-7070C815823B}.Release|iPhone.Build.0 = Release|Any CPU
		{943D2549-C867-4DF4-B4DC-7070C815823B}.Release|iPhone.Deploy.0 = Release|Any CPU
		{943D2549-C867-4DF4-B4DC-7070C815823B}.Release|iPhoneSimulator.ActiveCfg = Release|Any CPU
		{943D2549-C867-4DF4-B4DC-7070C815823B}.Release|iPhoneSimulator.Build.0 = Release|Any CPU
		{943D2549-C867-4DF4-B4DC-7070C815823B}.Release|iPhoneSimulator.Deploy.0 = Release|Any CPU
		{F965BAAC-5FA2-40CC-ACD9-E6B3B7CB9C4B}.Ad-Hoc|Any CPU.ActiveCfg = Ad-Hoc|iPhone
		{F965BAAC-5FA2-40CC-ACD9-E6B3B7CB9C4B}.Ad-Hoc|Any CPU.Build.0 = Ad-Hoc|iPhone
		{F965BAAC-5FA2-40CC-ACD9-E6B3B7CB9C4B}.Ad-Hoc|Any CPU.Deploy.0 = Ad-Hoc|iPhone
		{F965BAAC-5FA2-40CC-ACD9-E6B3B7CB9C4B}.Ad-Hoc|iPhone.ActiveCfg = Ad-Hoc|iPhone
		{F965BAAC-5FA2-40CC-ACD9-E6B3B7CB9C4B}.Ad-Hoc|iPhone.Build.0 = Ad-Hoc|iPhone
		{F965BAAC-5FA2-40CC-ACD9-E6B3B7CB9C4B}.Ad-Hoc|iPhone.Deploy.0 = Ad-Hoc|iPhone
		{F965BAAC-5FA2-40CC-ACD9-E6B3B7CB9C4B}.Ad-Hoc|iPhoneSimulator.ActiveCfg = Ad-Hoc|iPhoneSimulator
		{F965BAAC-5FA2-40CC-ACD9-E6B3B7CB9C4B}.Ad-Hoc|iPhoneSimulator.Build.0 = Ad-Hoc|iPhoneSimulator
		{F965BAAC-5FA2-40CC-ACD9-E6B3B7CB9C4B}.Ad-Hoc|iPhoneSimulator.Deploy.0 = Ad-Hoc|iPhoneSimulator
		{F965BAAC-5FA2-40CC-ACD9-E6B3B7CB9C4B}.AppStore|Any CPU.ActiveCfg = AppStore|iPhone
		{F965BAAC-5FA2-40CC-ACD9-E6B3B7CB9C4B}.AppStore|Any CPU.Build.0 = AppStore|iPhone
		{F965BAAC-5FA2-40CC-ACD9-E6B3B7CB9C4B}.AppStore|Any CPU.Deploy.0 = AppStore|iPhone
		{F965BAAC-5FA2-40CC-ACD9-E6B3B7CB9C4B}.AppStore|iPhone.ActiveCfg = AppStore|iPhone
		{F965BAAC-5FA2-40CC-ACD9-E6B3B7CB9C4B}.AppStore|iPhone.Build.0 = AppStore|iPhone
		{F965BAAC-5FA2-40CC-ACD9-E6B3B7CB9C4B}.AppStore|iPhone.Deploy.0 = AppStore|iPhone
		{F965BAAC-5FA2-40CC-ACD9-E6B3B7CB9C4B}.AppStore|iPhoneSimulator.ActiveCfg = AppStore|iPhoneSimulator
		{F965BAAC-5FA2-40CC-ACD9-E6B3B7CB9C4B}.AppStore|iPhoneSimulator.Build.0 = AppStore|iPhoneSimulator
		{F965BAAC-5FA2-40CC-ACD9-E6B3B7CB9C4B}.AppStore|iPhoneSimulator.Deploy.0 = AppStore|iPhoneSimulator
		{F965BAAC-5FA2-40CC-ACD9-E6B3B7CB9C4B}.Debug|Any CPU.ActiveCfg = Debug|iPhoneSimulator
		{F965BAAC-5FA2-40CC-ACD9-E6B3B7CB9C4B}.Debug|Any CPU.Build.0 = Debug|iPhoneSimulator
		{F965BAAC-5FA2-40CC-ACD9-E6B3B7CB9C4B}.Debug|Any CPU.Deploy.0 = Debug|iPhoneSimulator
		{F965BAAC-5FA2-40CC-ACD9-E6B3B7CB9C4B}.Debug|iPhone.ActiveCfg = Debug|iPhone
		{F965BAAC-5FA2-40CC-ACD9-E6B3B7CB9C4B}.Debug|iPhone.Build.0 = Debug|iPhone
		{F965BAAC-5FA2-40CC-ACD9-E6B3B7CB9C4B}.Debug|iPhone.Deploy.0 = Debug|iPhone
		{F965BAAC-5FA2-40CC-ACD9-E6B3B7CB9C4B}.Debug|iPhoneSimulator.ActiveCfg = Debug|iPhoneSimulator
		{F965BAAC-5FA2-40CC-ACD9-E6B3B7CB9C4B}.Debug|iPhoneSimulator.Build.0 = Debug|iPhoneSimulator
		{F965BAAC-5FA2-40CC-ACD9-E6B3B7CB9C4B}.Debug|iPhoneSimulator.Deploy.0 = Debug|iPhoneSimulator
		{F965BAAC-5FA2-40CC-ACD9-E6B3B7CB9C4B}.Release|Any CPU.ActiveCfg = Release|iPhone
		{F965BAAC-5FA2-40CC-ACD9-E6B3B7CB9C4B}.Release|Any CPU.Build.0 = Release|iPhone
		{F965BAAC-5FA2-40CC-ACD9-E6B3B7CB9C4B}.Release|Any CPU.Deploy.0 = Release|iPhone
		{F965BAAC-5FA2-40CC-ACD9-E6B3B7CB9C4B}.Release|iPhone.ActiveCfg = Release|iPhone
		{F965BAAC-5FA2-40CC-ACD9-E6B3B7CB9C4B}.Release|iPhone.Build.0 = Release|iPhone
		{F965BAAC-5FA2-40CC-ACD9-E6B3B7CB9C4B}.Release|iPhone.Deploy.0 = Release|iPhone
		{F965BAAC-5FA2-40CC-ACD9-E6B3B7CB9C4B}.Release|iPhoneSimulator.ActiveCfg = Release|iPhoneSimulator
		{F965BAAC-5FA2-40CC-ACD9-E6B3B7CB9C4B}.Release|iPhoneSimulator.Build.0 = Release|iPhoneSimulator
		{F965BAAC-5FA2-40CC-ACD9-E6B3B7CB9C4B}.Release|iPhoneSimulator.Deploy.0 = Release|iPhoneSimulator
		{396ACCBA-A5AD-44A9-BC17-A46355FED312}.Ad-Hoc|Any CPU.ActiveCfg = Debug|Any CPU
		{396ACCBA-A5AD-44A9-BC17-A46355FED312}.Ad-Hoc|Any CPU.Build.0 = Debug|Any CPU
		{396ACCBA-A5AD-44A9-BC17-A46355FED312}.Ad-Hoc|Any CPU.Deploy.0 = Debug|Any CPU
		{396ACCBA-A5AD-44A9-BC17-A46355FED312}.Ad-Hoc|iPhone.ActiveCfg = Debug|Any CPU
		{396ACCBA-A5AD-44A9-BC17-A46355FED312}.Ad-Hoc|iPhone.Build.0 = Debug|Any CPU
		{396ACCBA-A5AD-44A9-BC17-A46355FED312}.Ad-Hoc|iPhone.Deploy.0 = Debug|Any CPU
		{396ACCBA-A5AD-44A9-BC17-A46355FED312}.Ad-Hoc|iPhoneSimulator.ActiveCfg = Debug|Any CPU
		{396ACCBA-A5AD-44A9-BC17-A46355FED312}.Ad-Hoc|iPhoneSimulator.Build.0 = Debug|Any CPU
		{396ACCBA-A5AD-44A9-BC17-A46355FED312}.Ad-Hoc|iPhoneSimulator.Deploy.0 = Debug|Any CPU
		{396ACCBA-A5AD-44A9-BC17-A46355FED312}.AppStore|Any CPU.ActiveCfg = Debug|Any CPU
		{396ACCBA-A5AD-44A9-BC17-A46355FED312}.AppStore|Any CPU.Build.0 = Debug|Any CPU
		{396ACCBA-A5AD-44A9-BC17-A46355FED312}.AppStore|Any CPU.Deploy.0 = Debug|Any CPU
		{396ACCBA-A5AD-44A9-BC17-A46355FED312}.AppStore|iPhone.ActiveCfg = Debug|Any CPU
		{396ACCBA-A5AD-44A9-BC17-A46355FED312}.AppStore|iPhone.Build.0 = Debug|Any CPU
		{396ACCBA-A5AD-44A9-BC17-A46355FED312}.AppStore|iPhone.Deploy.0 = Debug|Any CPU
		{396ACCBA-A5AD-44A9-BC17-A46355FED312}.AppStore|iPhoneSimulator.ActiveCfg = Debug|Any CPU
		{396ACCBA-A5AD-44A9-BC17-A46355FED312}.AppStore|iPhoneSimulator.Build.0 = Debug|Any CPU
		{396ACCBA-A5AD-44A9-BC17-A46355FED312}.AppStore|iPhoneSimulator.Deploy.0 = Debug|Any CPU
		{396ACCBA-A5AD-44A9-BC17-A46355FED312}.Debug|Any CPU.ActiveCfg = Debug|Any CPU
		{396ACCBA-A5AD-44A9-BC17-A46355FED312}.Debug|Any CPU.Build.0 = Debug|Any CPU
		{396ACCBA-A5AD-44A9-BC17-A46355FED312}.Debug|Any CPU.Deploy.0 = Debug|Any CPU
		{396ACCBA-A5AD-44A9-BC17-A46355FED312}.Debug|iPhone.ActiveCfg = Debug|Any CPU
		{396ACCBA-A5AD-44A9-BC17-A46355FED312}.Debug|iPhone.Build.0 = Debug|Any CPU
		{396ACCBA-A5AD-44A9-BC17-A46355FED312}.Debug|iPhone.Deploy.0 = Debug|Any CPU
		{396ACCBA-A5AD-44A9-BC17-A46355FED312}.Debug|iPhoneSimulator.ActiveCfg = Debug|Any CPU
		{396ACCBA-A5AD-44A9-BC17-A46355FED312}.Debug|iPhoneSimulator.Build.0 = Debug|Any CPU
		{396ACCBA-A5AD-44A9-BC17-A46355FED312}.Debug|iPhoneSimulator.Deploy.0 = Debug|Any CPU
		{396ACCBA-A5AD-44A9-BC17-A46355FED312}.Release|Any CPU.ActiveCfg = Release|Any CPU
		{396ACCBA-A5AD-44A9-BC17-A46355FED312}.Release|Any CPU.Build.0 = Release|Any CPU
		{396ACCBA-A5AD-44A9-BC17-A46355FED312}.Release|Any CPU.Deploy.0 = Release|Any CPU
		{396ACCBA-A5AD-44A9-BC17-A46355FED312}.Release|iPhone.ActiveCfg = Release|Any CPU
		{396ACCBA-A5AD-44A9-BC17-A46355FED312}.Release|iPhone.Build.0 = Release|Any CPU
		{396ACCBA-A5AD-44A9-BC17-A46355FED312}.Release|iPhone.Deploy.0 = Release|Any CPU
		{396ACCBA-A5AD-44A9-BC17-A46355FED312}.Release|iPhoneSimulator.ActiveCfg = Release|Any CPU
		{396ACCBA-A5AD-44A9-BC17-A46355FED312}.Release|iPhoneSimulator.Build.0 = Release|Any CPU
		{396ACCBA-A5AD-44A9-BC17-A46355FED312}.Release|iPhoneSimulator.Deploy.0 = Release|Any CPU
	EndGlobalSection
	GlobalSection(SolutionProperties) = preSolution
		HideSolutionNode = FALSE
	EndGlobalSection
	GlobalSection(ExtensibilityGlobals) = postSolution
		SolutionGuid = {5E5B068B-5513-4397-825A-E00E46E19DC2}
	EndGlobalSection
EndGlobal
